// !$*UTF8*$!
{
	archiveVersion = 1;
	classes = {
	};
	objectVersion = 55;
	objects = {

/* Begin PBXBuildFile section */
		B12A2E7528EC6CCC0038426D /* AppDelegate.swift in Sources */ = {isa = PBXBuildFile; fileRef = B12A2E7428EC6CCC0038426D /* AppDelegate.swift */; };
		B12A2E7728EC6CCC0038426D /* SceneDelegate.swift in Sources */ = {isa = PBXBuildFile; fileRef = B12A2E7628EC6CCC0038426D /* SceneDelegate.swift */; };
		B12A2E7928EC6CCC0038426D /* ViewController.swift in Sources */ = {isa = PBXBuildFile; fileRef = B12A2E7828EC6CCC0038426D /* ViewController.swift */; };
		B12A2E7C28EC6CCC0038426D /* Main.storyboard in Resources */ = {isa = PBXBuildFile; fileRef = B12A2E7A28EC6CCC0038426D /* Main.storyboard */; };
		B12A2E7E28EC6CCD0038426D /* Assets.xcassets in Resources */ = {isa = PBXBuildFile; fileRef = B12A2E7D28EC6CCD0038426D /* Assets.xcassets */; };
		B12A2E8128EC6CCD0038426D /* LaunchScreen.storyboard in Resources */ = {isa = PBXBuildFile; fileRef = B12A2E7F28EC6CCD0038426D /* LaunchScreen.storyboard */; };
		B12A2E8C28EC6CCD0038426D /* LottoMachineTests.swift in Sources */ = {isa = PBXBuildFile; fileRef = B12A2E8B28EC6CCD0038426D /* LottoMachineTests.swift */; };
		B12A2E9628EC6CCD0038426D /* LottoMachineUITests.swift in Sources */ = {isa = PBXBuildFile; fileRef = B12A2E9528EC6CCD0038426D /* LottoMachineUITests.swift */; };
		B12A2E9828EC6CCD0038426D /* LottoMachineUITestsLaunchTests.swift in Sources */ = {isa = PBXBuildFile; fileRef = B12A2E9728EC6CCD0038426D /* LottoMachineUITestsLaunchTests.swift */; };
		B12A2EA528EC6CF00038426D /* LottoMachine.swift in Sources */ = {isa = PBXBuildFile; fileRef = B12A2EA428EC6CF00038426D /* LottoMachine.swift */; };
/* End PBXBuildFile section */

/* Begin PBXContainerItemProxy section */
		B12A2E8828EC6CCD0038426D /* PBXContainerItemProxy */ = {
			isa = PBXContainerItemProxy;
			containerPortal = B12A2E6928EC6CCC0038426D /* Project object */;
			proxyType = 1;
			remoteGlobalIDString = B12A2E7028EC6CCC0038426D;
			remoteInfo = LottoMachine;
		};
		B12A2E9228EC6CCD0038426D /* PBXContainerItemProxy */ = {
			isa = PBXContainerItemProxy;
			containerPortal = B12A2E6928EC6CCC0038426D /* Project object */;
			proxyType = 1;
			remoteGlobalIDString = B12A2E7028EC6CCC0038426D;
			remoteInfo = LottoMachine;
		};
/* End PBXContainerItemProxy section */

/* Begin PBXFileReference section */
		B12A2E7128EC6CCC0038426D /* LottoMachine.app */ = {isa = PBXFileReference; explicitFileType = wrapper.application; includeInIndex = 0; path = LottoMachine.app; sourceTree = BUILT_PRODUCTS_DIR; };
		B12A2E7428EC6CCC0038426D /* AppDelegate.swift */ = {isa = PBXFileReference; lastKnownFileType = sourcecode.swift; path = AppDelegate.swift; sourceTree = "<group>"; };
		B12A2E7628EC6CCC0038426D /* SceneDelegate.swift */ = {isa = PBXFileReference; lastKnownFileType = sourcecode.swift; path = SceneDelegate.swift; sourceTree = "<group>"; };
		B12A2E7828EC6CCC0038426D /* ViewController.swift */ = {isa = PBXFileReference; lastKnownFileType = sourcecode.swift; path = ViewController.swift; sourceTree = "<group>"; };
		B12A2E7B28EC6CCC0038426D /* Base */ = {isa = PBXFileReference; lastKnownFileType = file.storyboard; name = Base; path = Base.lproj/Main.storyboard; sourceTree = "<group>"; };
		B12A2E7D28EC6CCD0038426D /* Assets.xcassets */ = {isa = PBXFileReference; lastKnownFileType = folder.assetcatalog; path = Assets.xcassets; sourceTree = "<group>"; };
		B12A2E8028EC6CCD0038426D /* Base */ = {isa = PBXFileReference; lastKnownFileType = file.storyboard; name = Base; path = Base.lproj/LaunchScreen.storyboard; sourceTree = "<group>"; };
		B12A2E8228EC6CCD0038426D /* Info.plist */ = {isa = PBXFileReference; lastKnownFileType = text.plist.xml; path = Info.plist; sourceTree = "<group>"; };
		B12A2E8728EC6CCD0038426D /* LottoMachineTests.xctest */ = {isa = PBXFileReference; explicitFileType = wrapper.cfbundle; includeInIndex = 0; path = LottoMachineTests.xctest; sourceTree = BUILT_PRODUCTS_DIR; };
		B12A2E8B28EC6CCD0038426D /* LottoMachineTests.swift */ = {isa = PBXFileReference; lastKnownFileType = sourcecode.swift; path = LottoMachineTests.swift; sourceTree = "<group>"; };
		B12A2E9128EC6CCD0038426D /* LottoMachineUITests.xctest */ = {isa = PBXFileReference; explicitFileType = wrapper.cfbundle; includeInIndex = 0; path = LottoMachineUITests.xctest; sourceTree = BUILT_PRODUCTS_DIR; };
		B12A2E9528EC6CCD0038426D /* LottoMachineUITests.swift */ = {isa = PBXFileReference; lastKnownFileType = sourcecode.swift; path = LottoMachineUITests.swift; sourceTree = "<group>"; };
		B12A2E9728EC6CCD0038426D /* LottoMachineUITestsLaunchTests.swift */ = {isa = PBXFileReference; lastKnownFileType = sourcecode.swift; path = LottoMachineUITestsLaunchTests.swift; sourceTree = "<group>"; };
		B12A2EA428EC6CF00038426D /* LottoMachine.swift */ = {isa = PBXFileReference; lastKnownFileType = sourcecode.swift; path = LottoMachine.swift; sourceTree = "<group>"; };
/* End PBXFileReference section */

/* Begin PBXFrameworksBuildPhase section */
		B12A2E6E28EC6CCC0038426D /* Frameworks */ = {
			isa = PBXFrameworksBuildPhase;
			buildActionMask = 2147483647;
			files = (
			);
			runOnlyForDeploymentPostprocessing = 0;
		};
		B12A2E8428EC6CCD0038426D /* Frameworks */ = {
			isa = PBXFrameworksBuildPhase;
			buildActionMask = 2147483647;
			files = (
			);
			runOnlyForDeploymentPostprocessing = 0;
		};
		B12A2E8E28EC6CCD0038426D /* Frameworks */ = {
			isa = PBXFrameworksBuildPhase;
			buildActionMask = 2147483647;
			files = (
			);
			runOnlyForDeploymentPostprocessing = 0;
		};
/* End PBXFrameworksBuildPhase section */

/* Begin PBXGroup section */
		B12A2E6828EC6CCC0038426D = {
			isa = PBXGroup;
			children = (
				B12A2E7328EC6CCC0038426D /* LottoMachine */,
				B12A2E8A28EC6CCD0038426D /* LottoMachineTests */,
				B12A2E9428EC6CCD0038426D /* LottoMachineUITests */,
				B12A2E7228EC6CCC0038426D /* Products */,
			);
			sourceTree = "<group>";
		};
		B12A2E7228EC6CCC0038426D /* Products */ = {
			isa = PBXGroup;
			children = (
				B12A2E7128EC6CCC0038426D /* LottoMachine.app */,
				B12A2E8728EC6CCD0038426D /* LottoMachineTests.xctest */,
				B12A2E9128EC6CCD0038426D /* LottoMachineUITests.xctest */,
			);
			name = Products;
			sourceTree = "<group>";
		};
		B12A2E7328EC6CCC0038426D /* LottoMachine */ = {
			isa = PBXGroup;
			children = (
				B12A2E7428EC6CCC0038426D /* AppDelegate.swift */,
				B12A2E7628EC6CCC0038426D /* SceneDelegate.swift */,
				B12A2E7828EC6CCC0038426D /* ViewController.swift */,
				B12A2E7A28EC6CCC0038426D /* Main.storyboard */,
				B12A2E7D28EC6CCD0038426D /* Assets.xcassets */,
				B12A2E7F28EC6CCD0038426D /* LaunchScreen.storyboard */,
				B12A2E8228EC6CCD0038426D /* Info.plist */,
				B12A2EA428EC6CF00038426D /* LottoMachine.swift */,
			);
			path = LottoMachine;
			sourceTree = "<group>";
		};
		B12A2E8A28EC6CCD0038426D /* LottoMachineTests */ = {
			isa = PBXGroup;
			children = (
				B12A2E8B28EC6CCD0038426D /* LottoMachineTests.swift */,
			);
			path = LottoMachineTests;
			sourceTree = "<group>";
		};
		B12A2E9428EC6CCD0038426D /* LottoMachineUITests */ = {
			isa = PBXGroup;
			children = (
				B12A2E9528EC6CCD0038426D /* LottoMachineUITests.swift */,
				B12A2E9728EC6CCD0038426D /* LottoMachineUITestsLaunchTests.swift */,
			);
			path = LottoMachineUITests;
			sourceTree = "<group>";
		};
/* End PBXGroup section */

/* Begin PBXNativeTarget section */
		B12A2E7028EC6CCC0038426D /* LottoMachine */ = {
			isa = PBXNativeTarget;
			buildConfigurationList = B12A2E9B28EC6CCD0038426D /* Build configuration list for PBXNativeTarget "LottoMachine" */;
			buildPhases = (
				B12A2E6D28EC6CCC0038426D /* Sources */,
				B12A2E6E28EC6CCC0038426D /* Frameworks */,
				B12A2E6F28EC6CCC0038426D /* Resources */,
			);
			buildRules = (
			);
			dependencies = (
			);
			name = LottoMachine;
			productName = LottoMachine;
			productReference = B12A2E7128EC6CCC0038426D /* LottoMachine.app */;
			productType = "com.apple.product-type.application";
		};
		B12A2E8628EC6CCD0038426D /* LottoMachineTests */ = {
			isa = PBXNativeTarget;
			buildConfigurationList = B12A2E9E28EC6CCD0038426D /* Build configuration list for PBXNativeTarget "LottoMachineTests" */;
			buildPhases = (
				B12A2E8328EC6CCD0038426D /* Sources */,
				B12A2E8428EC6CCD0038426D /* Frameworks */,
				B12A2E8528EC6CCD0038426D /* Resources */,
			);
			buildRules = (
			);
			dependencies = (
				B12A2E8928EC6CCD0038426D /* PBXTargetDependency */,
			);
			name = LottoMachineTests;
			productName = LottoMachineTests;
			productReference = B12A2E8728EC6CCD0038426D /* LottoMachineTests.xctest */;
			productType = "com.apple.product-type.bundle.unit-test";
		};
		B12A2E9028EC6CCD0038426D /* LottoMachineUITests */ = {
			isa = PBXNativeTarget;
			buildConfigurationList = B12A2EA128EC6CCD0038426D /* Build configuration list for PBXNativeTarget "LottoMachineUITests" */;
			buildPhases = (
				B12A2E8D28EC6CCD0038426D /* Sources */,
				B12A2E8E28EC6CCD0038426D /* Frameworks */,
				B12A2E8F28EC6CCD0038426D /* Resources */,
			);
			buildRules = (
			);
			dependencies = (
				B12A2E9328EC6CCD0038426D /* PBXTargetDependency */,
			);
			name = LottoMachineUITests;
			productName = LottoMachineUITests;
			productReference = B12A2E9128EC6CCD0038426D /* LottoMachineUITests.xctest */;
			productType = "com.apple.product-type.bundle.ui-testing";
		};
/* End PBXNativeTarget section */

/* Begin PBXProject section */
		B12A2E6928EC6CCC0038426D /* Project object */ = {
			isa = PBXProject;
			attributes = {
				BuildIndependentTargetsInParallel = 1;
				LastSwiftUpdateCheck = 1330;
				LastUpgradeCheck = 1330;
				TargetAttributes = {
					B12A2E7028EC6CCC0038426D = {
						CreatedOnToolsVersion = 13.3.1;
					};
					B12A2E8628EC6CCD0038426D = {
						CreatedOnToolsVersion = 13.3.1;
						TestTargetID = B12A2E7028EC6CCC0038426D;
					};
					B12A2E9028EC6CCD0038426D = {
						CreatedOnToolsVersion = 13.3.1;
						TestTargetID = B12A2E7028EC6CCC0038426D;
					};
				};
			};
			buildConfigurationList = B12A2E6C28EC6CCC0038426D /* Build configuration list for PBXProject "LottoMachine" */;
			compatibilityVersion = "Xcode 13.0";
			developmentRegion = en;
			hasScannedForEncodings = 0;
			knownRegions = (
				en,
				Base,
			);
			mainGroup = B12A2E6828EC6CCC0038426D;
			productRefGroup = B12A2E7228EC6CCC0038426D /* Products */;
			projectDirPath = "";
			projectRoot = "";
			targets = (
				B12A2E7028EC6CCC0038426D /* LottoMachine */,
				B12A2E8628EC6CCD0038426D /* LottoMachineTests */,
				B12A2E9028EC6CCD0038426D /* LottoMachineUITests */,
			);
		};
/* End PBXProject section */

/* Begin PBXResourcesBuildPhase section */
		B12A2E6F28EC6CCC0038426D /* Resources */ = {
			isa = PBXResourcesBuildPhase;
			buildActionMask = 2147483647;
			files = (
				B12A2E8128EC6CCD0038426D /* LaunchScreen.storyboard in Resources */,
				B12A2E7E28EC6CCD0038426D /* Assets.xcassets in Resources */,
				B12A2E7C28EC6CCC0038426D /* Main.storyboard in Resources */,
			);
			runOnlyForDeploymentPostprocessing = 0;
		};
		B12A2E8528EC6CCD0038426D /* Resources */ = {
			isa = PBXResourcesBuildPhase;
			buildActionMask = 2147483647;
			files = (
			);
			runOnlyForDeploymentPostprocessing = 0;
		};
		B12A2E8F28EC6CCD0038426D /* Resources */ = {
			isa = PBXResourcesBuildPhase;
			buildActionMask = 2147483647;
			files = (
			);
			runOnlyForDeploymentPostprocessing = 0;
		};
/* End PBXResourcesBuildPhase section */

/* Begin PBXSourcesBuildPhase section */
		B12A2E6D28EC6CCC0038426D /* Sources */ = {
			isa = PBXSourcesBuildPhase;
			buildActionMask = 2147483647;
			files = (
				B12A2EA528EC6CF00038426D /* LottoMachine.swift in Sources */,
				B12A2E7928EC6CCC0038426D /* ViewController.swift in Sources */,
				B12A2E7528EC6CCC0038426D /* AppDelegate.swift in Sources */,
				B12A2E7728EC6CCC0038426D /* SceneDelegate.swift in Sources */,
			);
			runOnlyForDeploymentPostprocessing = 0;
		};
		B12A2E8328EC6CCD0038426D /* Sources */ = {
			isa = PBXSourcesBuildPhase;
			buildActionMask = 2147483647;
			files = (
				B12A2E8C28EC6CCD0038426D /* LottoMachineTests.swift in Sources */,
			);
			runOnlyForDeploymentPostprocessing = 0;
		};
		B12A2E8D28EC6CCD0038426D /* Sources */ = {
			isa = PBXSourcesBuildPhase;
			buildActionMask = 2147483647;
			files = (
				B12A2E9628EC6CCD0038426D /* LottoMachineUITests.swift in Sources */,
				B12A2E9828EC6CCD0038426D /* LottoMachineUITestsLaunchTests.swift in Sources */,
			);
			runOnlyForDeploymentPostprocessing = 0;
		};
/* End PBXSourcesBuildPhase section */

/* Begin PBXTargetDependency section */
		B12A2E8928EC6CCD0038426D /* PBXTargetDependency */ = {
			isa = PBXTargetDependency;
			target = B12A2E7028EC6CCC0038426D /* LottoMachine */;
			targetProxy = B12A2E8828EC6CCD0038426D /* PBXContainerItemProxy */;
		};
		B12A2E9328EC6CCD0038426D /* PBXTargetDependency */ = {
			isa = PBXTargetDependency;
			target = B12A2E7028EC6CCC0038426D /* LottoMachine */;
			targetProxy = B12A2E9228EC6CCD0038426D /* PBXContainerItemProxy */;
		};
/* End PBXTargetDependency section */

/* Begin PBXVariantGroup section */
		B12A2E7A28EC6CCC0038426D /* Main.storyboard */ = {
			isa = PBXVariantGroup;
			children = (
				B12A2E7B28EC6CCC0038426D /* Base */,
			);
			name = Main.storyboard;
			sourceTree = "<group>";
		};
		B12A2E7F28EC6CCD0038426D /* LaunchScreen.storyboard */ = {
			isa = PBXVariantGroup;
			children = (
				B12A2E8028EC6CCD0038426D /* Base */,
			);
			name = LaunchScreen.storyboard;
			sourceTree = "<group>";
		};
/* End PBXVariantGroup section */

/* Begin XCBuildConfiguration section */
		B12A2E9928EC6CCD0038426D /* Debug */ = {
			isa = XCBuildConfiguration;
			buildSettings = {
				ALWAYS_SEARCH_USER_PATHS = NO;
				CLANG_ANALYZER_NONNULL = YES;
				CLANG_ANALYZER_NUMBER_OBJECT_CONVERSION = YES_AGGRESSIVE;
				CLANG_CXX_LANGUAGE_STANDARD = "gnu++17";
				CLANG_ENABLE_MODULES = YES;
				CLANG_ENABLE_OBJC_ARC = YES;
				CLANG_ENABLE_OBJC_WEAK = YES;
				CLANG_WARN_BLOCK_CAPTURE_AUTORELEASING = YES;
				CLANG_WARN_BOOL_CONVERSION = YES;
				CLANG_WARN_COMMA = YES;
				CLANG_WARN_CONSTANT_CONVERSION = YES;
				CLANG_WARN_DEPRECATED_OBJC_IMPLEMENTATIONS = YES;
				CLANG_WARN_DIRECT_OBJC_ISA_USAGE = YES_ERROR;
				CLANG_WARN_DOCUMENTATION_COMMENTS = YES;
				CLANG_WARN_EMPTY_BODY = YES;
				CLANG_WARN_ENUM_CONVERSION = YES;
				CLANG_WARN_INFINITE_RECURSION = YES;
				CLANG_WARN_INT_CONVERSION = YES;
				CLANG_WARN_NON_LITERAL_NULL_CONVERSION = YES;
				CLANG_WARN_OBJC_IMPLICIT_RETAIN_SELF = YES;
				CLANG_WARN_OBJC_LITERAL_CONVERSION = YES;
				CLANG_WARN_OBJC_ROOT_CLASS = YES_ERROR;
				CLANG_WARN_QUOTED_INCLUDE_IN_FRAMEWORK_HEADER = YES;
				CLANG_WARN_RANGE_LOOP_ANALYSIS = YES;
				CLANG_WARN_STRICT_PROTOTYPES = YES;
				CLANG_WARN_SUSPICIOUS_MOVE = YES;
				CLANG_WARN_UNGUARDED_AVAILABILITY = YES_AGGRESSIVE;
				CLANG_WARN_UNREACHABLE_CODE = YES;
				CLANG_WARN__DUPLICATE_METHOD_MATCH = YES;
				COPY_PHASE_STRIP = NO;
				DEBUG_INFORMATION_FORMAT = dwarf;
				ENABLE_STRICT_OBJC_MSGSEND = YES;
				ENABLE_TESTABILITY = YES;
				GCC_C_LANGUAGE_STANDARD = gnu11;
				GCC_DYNAMIC_NO_PIC = NO;
				GCC_NO_COMMON_BLOCKS = YES;
				GCC_OPTIMIZATION_LEVEL = 0;
				GCC_PREPROCESSOR_DEFINITIONS = (
					"DEBUG=1",
					"$(inherited)",
				);
				GCC_WARN_64_TO_32_BIT_CONVERSION = YES;
				GCC_WARN_ABOUT_RETURN_TYPE = YES_ERROR;
				GCC_WARN_UNDECLARED_SELECTOR = YES;
				GCC_WARN_UNINITIALIZED_AUTOS = YES_AGGRESSIVE;
				GCC_WARN_UNUSED_FUNCTION = YES;
				GCC_WARN_UNUSED_VARIABLE = YES;
				IPHONEOS_DEPLOYMENT_TARGET = 15.4;
				MTL_ENABLE_DEBUG_INFO = INCLUDE_SOURCE;
				MTL_FAST_MATH = YES;
				ONLY_ACTIVE_ARCH = YES;
				SDKROOT = iphoneos;
				SWIFT_ACTIVE_COMPILATION_CONDITIONS = DEBUG;
				SWIFT_OPTIMIZATION_LEVEL = "-Onone";
			};
			name = Debug;
		};
		B12A2E9A28EC6CCD0038426D /* Release */ = {
			isa = XCBuildConfiguration;
			buildSettings = {
				ALWAYS_SEARCH_USER_PATHS = NO;
				CLANG_ANALYZER_NONNULL = YES;
				CLANG_ANALYZER_NUMBER_OBJECT_CONVERSION = YES_AGGRESSIVE;
				CLANG_CXX_LANGUAGE_STANDARD = "gnu++17";
				CLANG_ENABLE_MODULES = YES;
				CLANG_ENABLE_OBJC_ARC = YES;
				CLANG_ENABLE_OBJC_WEAK = YES;
				CLANG_WARN_BLOCK_CAPTURE_AUTORELEASING = YES;
				CLANG_WARN_BOOL_CONVERSION = YES;
				CLANG_WARN_COMMA = YES;
				CLANG_WARN_CONSTANT_CONVERSION = YES;
				CLANG_WARN_DEPRECATED_OBJC_IMPLEMENTATIONS = YES;
				CLANG_WARN_DIRECT_OBJC_ISA_USAGE = YES_ERROR;
				CLANG_WARN_DOCUMENTATION_COMMENTS = YES;
				CLANG_WARN_EMPTY_BODY = YES;
				CLANG_WARN_ENUM_CONVERSION = YES;
				CLANG_WARN_INFINITE_RECURSION = YES;
				CLANG_WARN_INT_CONVERSION = YES;
				CLANG_WARN_NON_LITERAL_NULL_CONVERSION = YES;
				CLANG_WARN_OBJC_IMPLICIT_RETAIN_SELF = YES;
				CLANG_WARN_OBJC_LITERAL_CONVERSION = YES;
				CLANG_WARN_OBJC_ROOT_CLASS = YES_ERROR;
				CLANG_WARN_QUOTED_INCLUDE_IN_FRAMEWORK_HEADER = YES;
				CLANG_WARN_RANGE_LOOP_ANALYSIS = YES;
				CLANG_WARN_STRICT_PROTOTYPES = YES;
				CLANG_WARN_SUSPICIOUS_MOVE = YES;
				CLANG_WARN_UNGUARDED_AVAILABILITY = YES_AGGRESSIVE;
				CLANG_WARN_UNREACHABLE_CODE = YES;
				CLANG_WARN__DUPLICATE_METHOD_MATCH = YES;
				COPY_PHASE_STRIP = NO;
				DEBUG_INFORMATION_FORMAT = "dwarf-with-dsym";
				ENABLE_NS_ASSERTIONS = NO;
				ENABLE_STRICT_OBJC_MSGSEND = YES;
				GCC_C_LANGUAGE_STANDARD = gnu11;
				GCC_NO_COMMON_BLOCKS = YES;
				GCC_WARN_64_TO_32_BIT_CONVERSION = YES;
				GCC_WARN_ABOUT_RETURN_TYPE = YES_ERROR;
				GCC_WARN_UNDECLARED_SELECTOR = YES;
				GCC_WARN_UNINITIALIZED_AUTOS = YES_AGGRESSIVE;
				GCC_WARN_UNUSED_FUNCTION = YES;
				GCC_WARN_UNUSED_VARIABLE = YES;
				IPHONEOS_DEPLOYMENT_TARGET = 15.4;
				MTL_ENABLE_DEBUG_INFO = NO;
				MTL_FAST_MATH = YES;
				SDKROOT = iphoneos;
				SWIFT_COMPILATION_MODE = wholemodule;
				SWIFT_OPTIMIZATION_LEVEL = "-O";
				VALIDATE_PRODUCT = YES;
			};
			name = Release;
		};
		B12A2E9C28EC6CCD0038426D /* Debug */ = {
			isa = XCBuildConfiguration;
			buildSettings = {
				ASSETCATALOG_COMPILER_APPICON_NAME = AppIcon;
				ASSETCATALOG_COMPILER_GLOBAL_ACCENT_COLOR_NAME = AccentColor;
				CODE_SIGN_STYLE = Automatic;
				CURRENT_PROJECT_VERSION = 1;
				DEVELOPMENT_TEAM = 693WY75AQY;
				GENERATE_INFOPLIST_FILE = YES;
				INFOPLIST_FILE = LottoMachine/Info.plist;
				INFOPLIST_KEY_UIApplicationSupportsIndirectInputEvents = YES;
				INFOPLIST_KEY_UILaunchStoryboardName = LaunchScreen;
				INFOPLIST_KEY_UIMainStoryboardFile = Main;
				INFOPLIST_KEY_UISupportedInterfaceOrientations_iPad = "UIInterfaceOrientationPortrait UIInterfaceOrientationPortraitUpsideDown UIInterfaceOrientationLandscapeLeft UIInterfaceOrientationLandscapeRight";
				INFOPLIST_KEY_UISupportedInterfaceOrientations_iPhone = "UIInterfaceOrientationPortrait UIInterfaceOrientationLandscapeLeft UIInterfaceOrientationLandscapeRight";
				LD_RUNPATH_SEARCH_PATHS = (
					"$(inherited)",
					"@executable_path/Frameworks",
				);
				MARKETING_VERSION = 1.0;
				PRODUCT_BUNDLE_IDENTIFIER = com.baconbeacon.LottoMachine;
				PRODUCT_NAME = "$(TARGET_NAME)";
				SWIFT_EMIT_LOC_STRINGS = YES;
				SWIFT_VERSION = 5.0;
				TARGETED_DEVICE_FAMILY = "1,2";
			};
			name = Debug;
		};
		B12A2E9D28EC6CCD0038426D /* Release */ = {
			isa = XCBuildConfiguration;
			buildSettings = {
				ASSETCATALOG_COMPILER_APPICON_NAME = AppIcon;
				ASSETCATALOG_COMPILER_GLOBAL_ACCENT_COLOR_NAME = AccentColor;
				CODE_SIGN_STYLE = Automatic;
				CURRENT_PROJECT_VERSION = 1;
				DEVELOPMENT_TEAM = 693WY75AQY;
				GENERATE_INFOPLIST_FILE = YES;
				INFOPLIST_FILE = LottoMachine/Info.plist;
				INFOPLIST_KEY_UIApplicationSupportsIndirectInputEvents = YES;
				INFOPLIST_KEY_UILaunchStoryboardName = LaunchScreen;
				INFOPLIST_KEY_UIMainStoryboardFile = Main;
				INFOPLIST_KEY_UISupportedInterfaceOrientations_iPad = "UIInterfaceOrientationPortrait UIInterfaceOrientationPortraitUpsideDown UIInterfaceOrientationLandscapeLeft UIInterfaceOrientationLandscapeRight";
				INFOPLIST_KEY_UISupportedInterfaceOrientations_iPhone = "UIInterfaceOrientationPortrait UIInterfaceOrientationLandscapeLeft UIInterfaceOrientationLandscapeRight";
				LD_RUNPATH_SEARCH_PATHS = (
					"$(inherited)",
					"@executable_path/Frameworks",
				);
				MARKETING_VERSION = 1.0;
				PRODUCT_BUNDLE_IDENTIFIER = com.baconbeacon.LottoMachine;
				PRODUCT_NAME = "$(TARGET_NAME)";
				SWIFT_EMIT_LOC_STRINGS = YES;
				SWIFT_VERSION = 5.0;
				TARGETED_DEVICE_FAMILY = "1,2";
			};
			name = Release;
		};
		B12A2E9F28EC6CCD0038426D /* Debug */ = {
			isa = XCBuildConfiguration;
			buildSettings = {
				ALWAYS_EMBED_SWIFT_STANDARD_LIBRARIES = YES;
				BUNDLE_LOADER = "$(TEST_HOST)";
				CODE_SIGN_STYLE = Automatic;
				CURRENT_PROJECT_VERSION = 1;
				DEVELOPMENT_TEAM = 693WY75AQY;
				GENERATE_INFOPLIST_FILE = YES;
				IPHONEOS_DEPLOYMENT_TARGET = 15.4;
				MARKETING_VERSION = 1.0;
				PRODUCT_BUNDLE_IDENTIFIER = com.baconbeacon.LottoMachineTests;
				PRODUCT_NAME = "$(TARGET_NAME)";
				SWIFT_EMIT_LOC_STRINGS = NO;
				SWIFT_VERSION = 5.0;
				TARGETED_DEVICE_FAMILY = "1,2";
				TEST_HOST = "$(BUILT_PRODUCTS_DIR)/LottoMachine.app/LottoMachine";
			};
			name = Debug;
		};
		B12A2EA028EC6CCD0038426D /* Release */ = {
			isa = XCBuildConfiguration;
			buildSettings = {
				ALWAYS_EMBED_SWIFT_STANDARD_LIBRARIES = YES;
				BUNDLE_LOADER = "$(TEST_HOST)";
				CODE_SIGN_STYLE = Automatic;
				CURRENT_PROJECT_VERSION = 1;
				DEVELOPMENT_TEAM = 693WY75AQY;
				GENERATE_INFOPLIST_FILE = YES;
				IPHONEOS_DEPLOYMENT_TARGET = 15.4;
				MARKETING_VERSION = 1.0;
				PRODUCT_BUNDLE_IDENTIFIER = com.baconbeacon.LottoMachineTests;
				PRODUCT_NAME = "$(TARGET_NAME)";
				SWIFT_EMIT_LOC_STRINGS = NO;
				SWIFT_VERSION = 5.0;
				TARGETED_DEVICE_FAMILY = "1,2";
				TEST_HOST = "$(BUILT_PRODUCTS_DIR)/LottoMachine.app/LottoMachine";
			};
			name = Release;
		};
		B12A2EA228EC6CCD0038426D /* Debug */ = {
			isa = XCBuildConfiguration;
			buildSettings = {
				ALWAYS_EMBED_SWIFT_STANDARD_LIBRARIES = YES;
				CODE_SIGN_STYLE = Automatic;
				CURRENT_PROJECT_VERSION = 1;
				DEVELOPMENT_TEAM = 693WY75AQY;
				GENERATE_INFOPLIST_FILE = YES;
				MARKETING_VERSION = 1.0;
				PRODUCT_BUNDLE_IDENTIFIER = com.baconbeacon.LottoMachineUITests;
				PRODUCT_NAME = "$(TARGET_NAME)";
				SWIFT_EMIT_LOC_STRINGS = NO;
				SWIFT_VERSION = 5.0;
				TARGETED_DEVICE_FAMILY = "1,2";
				TEST_TARGET_NAME = LottoMachine;
			};
			name = Debug;
		};
		B12A2EA328EC6CCD0038426D /* Release */ = {
			isa = XCBuildConfiguration;
			buildSettings = {
				ALWAYS_EMBED_SWIFT_STANDARD_LIBRARIES = YES;
				CODE_SIGN_STYLE = Automatic;
				CURRENT_PROJECT_VERSION = 1;
				DEVELOPMENT_TEAM = 693WY75AQY;
				GENERATE_INFOPLIST_FILE = YES;
				MARKETING_VERSION = 1.0;
				PRODUCT_BUNDLE_IDENTIFIER = com.baconbeacon.LottoMachineUITests;
				PRODUCT_NAME = "$(TARGET_NAME)";
				SWIFT_EMIT_LOC_STRINGS = NO;
				SWIFT_VERSION = 5.0;
				TARGETED_DEVICE_FAMILY = "1,2";
				TEST_TARGET_NAME = LottoMachine;
			};
			name = Release;
		};
/* End XCBuildConfiguration section */

/* Begin XCConfigurationList section */
		B12A2E6C28EC6CCC0038426D /* Build configuration list for PBXProject "LottoMachine" */ = {
			isa = XCConfigurationList;
			buildConfigurations = (
				B12A2E9928EC6CCD0038426D /* Debug */,
				B12A2E9A28EC6CCD0038426D /* Release */,
			);
			defaultConfigurationIsVisible = 0;
			defaultConfigurationName = Release;
		};
		B12A2E9B28EC6CCD0038426D /* Build configuration list for PBXNativeTarget "LottoMachine" */ = {
			isa = XCConfigurationList;
			buildConfigurations = (
				B12A2E9C28EC6CCD0038426D /* Debug */,
				B12A2E9D28EC6CCD0038426D /* Release */,
			);
			defaultConfigurationIsVisible = 0;
			defaultConfigurationName = Release;
		};
		B12A2E9E28EC6CCD0038426D /* Build configuration list for PBXNativeTarget "LottoMachineTests" */ = {
			isa = XCConfigurationList;
			buildConfigurations = (
				B12A2E9F28EC6CCD0038426D /* Debug */,
				B12A2EA028EC6CCD0038426D /* Release */,
			);
			defaultConfigurationIsVisible = 0;
			defaultConfigurationName = Release;
		};
		B12A2EA128EC6CCD0038426D /* Build configuration list for PBXNativeTarget "LottoMachineUITests" */ = {
			isa = XCConfigurationList;
			buildConfigurations = (
				B12A2EA228EC6CCD0038426D /* Debug */,
				B12A2EA328EC6CCD0038426D /* Release */,
			);
			defaultConfigurationIsVisible = 0;
			defaultConfigurationName = Release;
		};
/* End XCConfigurationList section */
	};
	rootObject = B12A2E6928EC6CCC0038426D /* Project object */;
}
